
Microsoft Visual Studio Solution File, Format Version 12.00
# Visual Studio Version 16
VisualStudioVersion = 16.0.30804.86
MinimumVisualStudioVersion = 10.0.40219.1
Project("{FAE04EC0-301F-11D3-BF4B-00C04F79EFBC}") = "ASPNETCoreBlazorOpenID.Server", "ASPNETCoreBlazorOpenID\Server\ASPNETCoreBlazorOpenID.Server.csproj", "{1B633F17-E758-40F1-8847-1606163832B9}"
EndProject
Project("{FAE04EC0-301F-11D3-BF4B-00C04F79EFBC}") = "ASPNETCoreBlazorOpenID.Client", "ASPNETCoreBlazorOpenID\Client\ASPNETCoreBlazorOpenID.Client.csproj", "{A1D77312-99B8-4D0C-AEE6-BE258726867A}"
EndProject
Project("{FAE04EC0-301F-11D3-BF4B-00C04F79EFBC}") = "ASPNETCoreBlazorOpenID.Shared", "ASPNETCoreBlazorOpenID\Shared\ASPNETCoreBlazorOpenID.Shared.csproj", "{6929CA2F-E1AF-4340-BCB4-4396F02D9BB1}"
EndProject
Global
	GlobalSection(SolutionConfigurationPlatforms) = preSolution
		Debug|Any CPU = Debug|Any CPU
		Release|Any CPU = Release|Any CPU
	EndGlobalSection
	GlobalSection(ProjectConfigurationPlatforms) = postSolution
		{1B633F17-E758-40F1-8847-1606163832B9}.Debug|Any CPU.ActiveCfg = Debug|Any CPU
		{1B633F17-E758-40F1-8847-1606163832B9}.Debug|Any CPU.Build.0 = Debug|Any CPU
		{1B633F17-E758-40F1-8847-1606163832B9}.Release|Any CPU.ActiveCfg = Release|Any CPU
		{1B633F17-E758-40F1-8847-1606163832B9}.Release|Any CPU.Build.0 = Release|Any CPU
		{A1D77312-99B8-4D0C-AEE6-BE258726867A}.Debug|Any CPU.ActiveCfg = Debug|Any CPU
		{A1D77312-99B8-4D0C-AEE6-BE258726867A}.Debug|Any CPU.Build.0 = Debug|Any CPU
		{A1D77312-99B8-4D0C-AEE6-BE258726867A}.Release|Any CPU.ActiveCfg = Release|Any CPU
		{A1D77312-99B8-4D0C-AEE6-BE258726867A}.Release|Any CPU.Build.0 = Release|Any CPU
		{6929CA2F-E1AF-4340-BCB4-4396F02D9BB1}.Debug|Any CPU.ActiveCfg = Debug|Any CPU
		{6929CA2F-E1AF-4340-BCB4-4396F02D9BB1}.Debug|Any CPU.Build.0 = Debug|Any CPU
		{6929CA2F-E1AF-4340-BCB4-4396F02D9BB1}.Release|Any CPU.ActiveCfg = Release|Any CPU
		{6929CA2F-E1AF-4340-BCB4-4396F02D9BB1}.Release|Any CPU.Build.0 = Release|Any CPU
	EndGlobalSection
	GlobalSection(SolutionProperties) = preSolution
		HideSolutionNode = FALSE
	EndGlobalSection
	GlobalSection(ExtensibilityGlobals) = postSolution
		SolutionGuid = {91B83E11-5856-4055-8940-F9788EA3F677}
	EndGlobalSection
EndGlobal
